
Microsoft Visual Studio Solution File, Format Version 12.00
# Visual Studio Version 17
VisualStudioVersion = 17.2.32602.215
MinimumVisualStudioVersion = 10.0.40219.1
Project("{FAE04EC0-301F-11D3-BF4B-00C04F79EFBC}") = "ExpensiveControlApp", "ExpensiveControlApp\ExpensiveControlApp.csproj", "{EEC47AEE-E2F9-4BA3-8EB9-8990E1852744}"
EndProject
Global
	GlobalSection(SolutionConfigurationPlatforms) = preSolution
		Debug|Any CPU = Debug|Any CPU
		Release|Any CPU = Release|Any CPU
	EndGlobalSection
	GlobalSection(ProjectConfigurationPlatforms) = postSolution
		{EEC47AEE-E2F9-4BA3-8EB9-8990E1852744}.Debug|Any CPU.ActiveCfg = Debug|Any CPU
		{EEC47AEE-E2F9-4BA3-8EB9-8990E1852744}.Debug|Any CPU.Build.0 = Debug|Any CPU
		{EEC47AEE-E2F9-4BA3-8EB9-8990E1852744}.Release|Any CPU.ActiveCfg = Release|Any CPU
		{EEC47AEE-E2F9-4BA3-8EB9-8990E1852744}.Release|Any CPU.Build.0 = Release|Any CPU
	EndGlobalSection
	GlobalSection(SolutionProperties) = preSolution
		HideSolutionNode = FALSE
	EndGlobalSection
	GlobalSection(ExtensibilityGlobals) = postSolution
		SolutionGuid = {6536AA58-078F-4EA9-889B-315ACC00597E}
	EndGlobalSection
EndGlobal
